
Microsoft Visual Studio Solution File, Format Version 12.00
# Visual Studio Version 16
VisualStudioVersion = 16.0.30804.86
MinimumVisualStudioVersion = 10.0.40219.1
Project("{FAE04EC0-301F-11D3-BF4B-00C04F79EFBC}") = "BankAppTest.UnitTests", "BankAppTest.UnitTests\BankAppTest.UnitTests.csproj", "{B688A574-168C-40E3-9DA6-92065D59FEA8}"
EndProject
Global
	GlobalSection(SolutionConfigurationPlatforms) = preSolution
		Debug|Any CPU = Debug|Any CPU
		Release|Any CPU = Release|Any CPU
	EndGlobalSection
	GlobalSection(ProjectConfigurationPlatforms) = postSolution
		{B688A574-168C-40E3-9DA6-92065D59FEA8}.Debug|Any CPU.ActiveCfg = Debug|Any CPU
		{B688A574-168C-40E3-9DA6-92065D59FEA8}.Debug|Any CPU.Build.0 = Debug|Any CPU
		{B688A574-168C-40E3-9DA6-92065D59FEA8}.Release|Any CPU.ActiveCfg = Release|Any CPU
		{B688A574-168C-40E3-9DA6-92065D59FEA8}.Release|Any CPU.Build.0 = Release|Any CPU
	EndGlobalSection
	GlobalSection(SolutionProperties) = preSolution
		HideSolutionNode = FALSE
	EndGlobalSection
	GlobalSection(ExtensibilityGlobals) = postSolution
		SolutionGuid = {118895E0-D7FA-457F-A37C-B4E3E6ACEFD2}
	EndGlobalSection
EndGlobal
